
Microsoft Visual Studio Solution File, Format Version 12.00
Project("{FAE04EC0-301F-11D3-BF4B-00C04F79EFBC}") = "Evercraft", "Evercraft\Evercraft.csproj", "{2688090F-22CA-4094-91C7-C15E777AE874}"
EndProject
Project("{FAE04EC0-301F-11D3-BF4B-00C04F79EFBC}") = "Evercraft.Test", "Evercraft.Test\Evercraft.Test.csproj", "{BA88F0CE-92CD-495C-99C7-A1BB1CF5DA52}"
EndProject
Global
	GlobalSection(SolutionConfigurationPlatforms) = preSolution
		Debug|Any CPU = Debug|Any CPU
		Release|Any CPU = Release|Any CPU
	EndGlobalSection
	GlobalSection(ProjectConfigurationPlatforms) = postSolution
		{2688090F-22CA-4094-91C7-C15E777AE874}.Debug|Any CPU.ActiveCfg = Debug|Any CPU
		{2688090F-22CA-4094-91C7-C15E777AE874}.Debug|Any CPU.Build.0 = Debug|Any CPU
		{2688090F-22CA-4094-91C7-C15E777AE874}.Release|Any CPU.ActiveCfg = Release|Any CPU
		{2688090F-22CA-4094-91C7-C15E777AE874}.Release|Any CPU.Build.0 = Release|Any CPU
		{BA88F0CE-92CD-495C-99C7-A1BB1CF5DA52}.Debug|Any CPU.ActiveCfg = Debug|Any CPU
		{BA88F0CE-92CD-495C-99C7-A1BB1CF5DA52}.Debug|Any CPU.Build.0 = Debug|Any CPU
		{BA88F0CE-92CD-495C-99C7-A1BB1CF5DA52}.Release|Any CPU.ActiveCfg = Release|Any CPU
		{BA88F0CE-92CD-495C-99C7-A1BB1CF5DA52}.Release|Any CPU.Build.0 = Release|Any CPU
	EndGlobalSection
EndGlobal
